
Microsoft Visual Studio Solution File, Format Version 12.00
# Visual Studio Version 16
VisualStudioVersion = 16.0.31025.194
MinimumVisualStudioVersion = 10.0.40219.1
Project("{FAE04EC0-301F-11D3-BF4B-00C04F79EFBC}") = "ProjectB", "ProjectB.csproj", "{F3AE6876-86F3-4261-90C6-B43889D4BDFF}"
EndProject
Global
	GlobalSection(SolutionConfigurationPlatforms) = preSolution
		Debug|Any CPU = Debug|Any CPU
		Release|Any CPU = Release|Any CPU
	EndGlobalSection
	GlobalSection(ProjectConfigurationPlatforms) = postSolution
		{F3AE6876-86F3-4261-90C6-B43889D4BDFF}.Debug|Any CPU.ActiveCfg = Debug|Any CPU
		{F3AE6876-86F3-4261-90C6-B43889D4BDFF}.Debug|Any CPU.Build.0 = Debug|Any CPU
		{F3AE6876-86F3-4261-90C6-B43889D4BDFF}.Release|Any CPU.ActiveCfg = Release|Any CPU
		{F3AE6876-86F3-4261-90C6-B43889D4BDFF}.Release|Any CPU.Build.0 = Release|Any CPU
	EndGlobalSection
	GlobalSection(SolutionProperties) = preSolution
		HideSolutionNode = FALSE
	EndGlobalSection
	GlobalSection(ExtensibilityGlobals) = postSolution
		SolutionGuid = {26E2CC66-462D-44AC-A6D2-16DF8E8996C1}
	EndGlobalSection
EndGlobal
